
Microsoft Visual Studio Solution File, Format Version 12.00
# Visual Studio Version 17
VisualStudioVersion = 17.11.35222.181
MinimumVisualStudioVersion = 10.0.40219.1
Project("{9A19103F-16F7-4668-BE54-9A1E7A4F7556}") = "Singleton", "Singleton\Singleton.csproj", "{2E8FDEB9-0DEB-411B-84A9-01659C408C4F}"
EndProject
Project("{FAE04EC0-301F-11D3-BF4B-00C04F79EFBC}") = "Builder", "Builder\Builder.csproj", "{9A191F70-07C5-41A4-878D-AAD4896461A8}"
EndProject
Project("{FAE04EC0-301F-11D3-BF4B-00C04F79EFBC}") = "Observer", "Observer\Observer.csproj", "{59189B72-BF68-43F0-B1DF-FC51D015D675}"
EndProject
Project("{FAE04EC0-301F-11D3-BF4B-00C04F79EFBC}") = "FactoryMethod", "FactoryMethod\FactoryMethod.csproj", "{570EB050-430B-4598-B95F-ACFE879DBB65}"
EndProject
Project("{FAE04EC0-301F-11D3-BF4B-00C04F79EFBC}") = "Adapter", "Adapter\Adapter.csproj", "{92EAEAA4-32CE-4694-9C2D-D3738E1D0A64}"
EndProject
Global
	GlobalSection(SolutionConfigurationPlatforms) = preSolution
		Debug|Any CPU = Debug|Any CPU
		Release|Any CPU = Release|Any CPU
	EndGlobalSection
	GlobalSection(ProjectConfigurationPlatforms) = postSolution
		{2E8FDEB9-0DEB-411B-84A9-01659C408C4F}.Debug|Any CPU.ActiveCfg = Debug|Any CPU
		{2E8FDEB9-0DEB-411B-84A9-01659C408C4F}.Debug|Any CPU.Build.0 = Debug|Any CPU
		{2E8FDEB9-0DEB-411B-84A9-01659C408C4F}.Release|Any CPU.ActiveCfg = Release|Any CPU
		{2E8FDEB9-0DEB-411B-84A9-01659C408C4F}.Release|Any CPU.Build.0 = Release|Any CPU
		{9A191F70-07C5-41A4-878D-AAD4896461A8}.Debug|Any CPU.ActiveCfg = Debug|Any CPU
		{9A191F70-07C5-41A4-878D-AAD4896461A8}.Debug|Any CPU.Build.0 = Debug|Any CPU
		{9A191F70-07C5-41A4-878D-AAD4896461A8}.Release|Any CPU.ActiveCfg = Release|Any CPU
		{9A191F70-07C5-41A4-878D-AAD4896461A8}.Release|Any CPU.Build.0 = Release|Any CPU
		{59189B72-BF68-43F0-B1DF-FC51D015D675}.Debug|Any CPU.ActiveCfg = Debug|Any CPU
		{59189B72-BF68-43F0-B1DF-FC51D015D675}.Debug|Any CPU.Build.0 = Debug|Any CPU
		{59189B72-BF68-43F0-B1DF-FC51D015D675}.Release|Any CPU.ActiveCfg = Release|Any CPU
		{59189B72-BF68-43F0-B1DF-FC51D015D675}.Release|Any CPU.Build.0 = Release|Any CPU
		{570EB050-430B-4598-B95F-ACFE879DBB65}.Debug|Any CPU.ActiveCfg = Debug|Any CPU
		{570EB050-430B-4598-B95F-ACFE879DBB65}.Debug|Any CPU.Build.0 = Debug|Any CPU
		{570EB050-430B-4598-B95F-ACFE879DBB65}.Release|Any CPU.ActiveCfg = Release|Any CPU
		{570EB050-430B-4598-B95F-ACFE879DBB65}.Release|Any CPU.Build.0 = Release|Any CPU
		{92EAEAA4-32CE-4694-9C2D-D3738E1D0A64}.Debug|Any CPU.ActiveCfg = Debug|Any CPU
		{92EAEAA4-32CE-4694-9C2D-D3738E1D0A64}.Debug|Any CPU.Build.0 = Debug|Any CPU
		{92EAEAA4-32CE-4694-9C2D-D3738E1D0A64}.Release|Any CPU.ActiveCfg = Release|Any CPU
		{92EAEAA4-32CE-4694-9C2D-D3738E1D0A64}.Release|Any CPU.Build.0 = Release|Any CPU
	EndGlobalSection
	GlobalSection(SolutionProperties) = preSolution
		HideSolutionNode = FALSE
	EndGlobalSection
	GlobalSection(ExtensibilityGlobals) = postSolution
		SolutionGuid = {AD64BA38-F073-4149-B0AE-82251827EF1B}
	EndGlobalSection
EndGlobal
